// !$*UTF8*$!
{
	archiveVersion = 1;
	classes = {
	};
	objectVersion = 77;
	objects = {

/* Begin PBXBuildFile section */
		0699D3102E53A77500CE1FCD /* Navigation in Frameworks */ = {isa = PBXBuildFile; productRef = 0699D30F2E53A77500CE1FCD /* Navigation */; };
/* End PBXBuildFile section */

/* Begin PBXContainerItemProxy section */
		063163D42E53A26D00137031 /* PBXContainerItemProxy */ = {
			isa = PBXContainerItemProxy;
			containerPortal = 063163B12E53A26B00137031 /* Project object */;
			proxyType = 1;
			remoteGlobalIDString = 063163B82E53A26B00137031;
			remoteInfo = xJournal;
		};
		063163DE2E53A26D00137031 /* PBXContainerItemProxy */ = {
			isa = PBXContainerItemProxy;
			containerPortal = 063163B12E53A26B00137031 /* Project object */;
			proxyType = 1;
			remoteGlobalIDString = 063163B82E53A26B00137031;
			remoteInfo = xJournal;
		};
/* End PBXContainerItemProxy section */

/* Begin PBXFileReference section */
		063163B92E53A26B00137031 /* xJournal.app */ = {isa = PBXFileReference; explicitFileType = wrapper.application; includeInIndex = 0; path = xJournal.app; sourceTree = BUILT_PRODUCTS_DIR; };
		063163D32E53A26D00137031 /* xJournalTests.xctest */ = {isa = PBXFileReference; explicitFileType = wrapper.cfbundle; includeInIndex = 0; path = xJournalTests.xctest; sourceTree = BUILT_PRODUCTS_DIR; };
		063163DD2E53A26D00137031 /* xJournalUITests.xctest */ = {isa = PBXFileReference; explicitFileType = wrapper.cfbundle; includeInIndex = 0; path = xJournalUITests.xctest; sourceTree = BUILT_PRODUCTS_DIR; };
/* End PBXFileReference section */

/* Begin PBXFileSystemSynchronizedBuildFileExceptionSet section */
		063163E52E53A26D00137031 /* Exceptions for "xJournal" folder in "xJournal" target */ = {
			isa = PBXFileSystemSynchronizedBuildFileExceptionSet;
			membershipExceptions = (
				Resources/Info.plist,
			);
			target = 063163B82E53A26B00137031 /* xJournal */;
		};
/* End PBXFileSystemSynchronizedBuildFileExceptionSet section */

/* Begin PBXFileSystemSynchronizedRootGroup section */
		063163BB2E53A26B00137031 /* xJournal */ = {
			isa = PBXFileSystemSynchronizedRootGroup;
			exceptions = (
				063163E52E53A26D00137031 /* Exceptions for "xJournal" folder in "xJournal" target */,
			);
			path = xJournal;
			sourceTree = "<group>";
		};
		063163D62E53A26D00137031 /* xJournalTests */ = {
			isa = PBXFileSystemSynchronizedRootGroup;
			path = xJournalTests;
			sourceTree = "<group>";
		};
		063163E02E53A26D00137031 /* xJournalUITests */ = {
			isa = PBXFileSystemSynchronizedRootGroup;
			path = xJournalUITests;
			sourceTree = "<group>";
		};
/* End PBXFileSystemSynchronizedRootGroup section */

/* Begin PBXFrameworksBuildPhase section */
		063163B62E53A26B00137031 /* Frameworks */ = {
			isa = PBXFrameworksBuildPhase;
			buildActionMask = 2147483647;
			files = (
				0699D3102E53A77500CE1FCD /* Navigation in Frameworks */,
			);
			runOnlyForDeploymentPostprocessing = 0;
		};
		063163D02E53A26D00137031 /* Frameworks */ = {
			isa = PBXFrameworksBuildPhase;
			buildActionMask = 2147483647;
			files = (
			);
			runOnlyForDeploymentPostprocessing = 0;
		};
		063163DA2E53A26D00137031 /* Frameworks */ = {
			isa = PBXFrameworksBuildPhase;
			buildActionMask = 2147483647;
			files = (
			);
			runOnlyForDeploymentPostprocessing = 0;
		};
/* End PBXFrameworksBuildPhase section */

/* Begin PBXGroup section */
		063163B02E53A26B00137031 = {
			isa = PBXGroup;
			children = (
				063163BB2E53A26B00137031 /* xJournal */,
				063163D62E53A26D00137031 /* xJournalTests */,
				063163E02E53A26D00137031 /* xJournalUITests */,
				0699D30E2E53A77500CE1FCD /* Frameworks */,
				063163BA2E53A26B00137031 /* Products */,
			);
			sourceTree = "<group>";
		};
		063163BA2E53A26B00137031 /* Products */ = {
			isa = PBXGroup;
			children = (
				063163B92E53A26B00137031 /* xJournal.app */,
				063163D32E53A26D00137031 /* xJournalTests.xctest */,
				063163DD2E53A26D00137031 /* xJournalUITests.xctest */,
			);
			name = Products;
			sourceTree = "<group>";
		};
		0699D30E2E53A77500CE1FCD /* Frameworks */ = {
			isa = PBXGroup;
			children = (
			);
			name = Frameworks;
			sourceTree = "<group>";
		};
/* End PBXGroup section */

/* Begin PBXNativeTarget section */
		063163B82E53A26B00137031 /* xJournal */ = {
			isa = PBXNativeTarget;
			buildConfigurationList = 063163E62E53A26D00137031 /* Build configuration list for PBXNativeTarget "xJournal" */;
			buildPhases = (
				063163B52E53A26B00137031 /* Sources */,
				063163B62E53A26B00137031 /* Frameworks */,
				063163B72E53A26B00137031 /* Resources */,
			);
			buildRules = (
			);
			dependencies = (
			);
			fileSystemSynchronizedGroups = (
				063163BB2E53A26B00137031 /* xJournal */,
			);
			name = xJournal;
			packageProductDependencies = (
				0699D30F2E53A77500CE1FCD /* Navigation */,
			);
			productName = xJournal;
			productReference = 063163B92E53A26B00137031 /* xJournal.app */;
			productType = "com.apple.product-type.application";
		};
		063163D22E53A26D00137031 /* xJournalTests */ = {
			isa = PBXNativeTarget;
			buildConfigurationList = 063163EB2E53A26D00137031 /* Build configuration list for PBXNativeTarget "xJournalTests" */;
			buildPhases = (
				063163CF2E53A26D00137031 /* Sources */,
				063163D02E53A26D00137031 /* Frameworks */,
				063163D12E53A26D00137031 /* Resources */,
			);
			buildRules = (
			);
			dependencies = (
				063163D52E53A26D00137031 /* PBXTargetDependency */,
			);
			fileSystemSynchronizedGroups = (
				063163D62E53A26D00137031 /* xJournalTests */,
			);
			name = xJournalTests;
			packageProductDependencies = (
			);
			productName = xJournalTests;
			productReference = 063163D32E53A26D00137031 /* xJournalTests.xctest */;
			productType = "com.apple.product-type.bundle.unit-test";
		};
		063163DC2E53A26D00137031 /* xJournalUITests */ = {
			isa = PBXNativeTarget;
			buildConfigurationList = 063163EE2E53A26D00137031 /* Build configuration list for PBXNativeTarget "xJournalUITests" */;
			buildPhases = (
				063163D92E53A26D00137031 /* Sources */,
				063163DA2E53A26D00137031 /* Frameworks */,
				063163DB2E53A26D00137031 /* Resources */,
			);
			buildRules = (
			);
			dependencies = (
				063163DF2E53A26D00137031 /* PBXTargetDependency */,
			);
			fileSystemSynchronizedGroups = (
				063163E02E53A26D00137031 /* xJournalUITests */,
			);
			name = xJournalUITests;
			packageProductDependencies = (
			);
			productName = xJournalUITests;
			productReference = 063163DD2E53A26D00137031 /* xJournalUITests.xctest */;
			productType = "com.apple.product-type.bundle.ui-testing";
		};
/* End PBXNativeTarget section */

/* Begin PBXProject section */
		063163B12E53A26B00137031 /* Project object */ = {
			isa = PBXProject;
			attributes = {
				BuildIndependentTargetsInParallel = 1;
				LastSwiftUpdateCheck = 1640;
				LastUpgradeCheck = 1640;
				TargetAttributes = {
					063163B82E53A26B00137031 = {
						CreatedOnToolsVersion = 16.4;
					};
					063163D22E53A26D00137031 = {
						CreatedOnToolsVersion = 16.4;
						TestTargetID = 063163B82E53A26B00137031;
					};
					063163DC2E53A26D00137031 = {
						CreatedOnToolsVersion = 16.4;
						TestTargetID = 063163B82E53A26B00137031;
					};
				};
			};
			buildConfigurationList = 063163B42E53A26B00137031 /* Build configuration list for PBXProject "xJournal" */;
			developmentRegion = en;
			hasScannedForEncodings = 0;
			knownRegions = (
				en,
				Base,
			);
			mainGroup = 063163B02E53A26B00137031;
			minimizedProjectReferenceProxies = 1;
			preferredProjectObjectVersion = 77;
			productRefGroup = 063163BA2E53A26B00137031 /* Products */;
			projectDirPath = "";
			projectRoot = "";
			targets = (
				063163B82E53A26B00137031 /* xJournal */,
				063163D22E53A26D00137031 /* xJournalTests */,
				063163DC2E53A26D00137031 /* xJournalUITests */,
			);
		};
/* End PBXProject section */

/* Begin PBXResourcesBuildPhase section */
		063163B72E53A26B00137031 /* Resources */ = {
			isa = PBXResourcesBuildPhase;
			buildActionMask = 2147483647;
			files = (
			);
			runOnlyForDeploymentPostprocessing = 0;
		};
		063163D12E53A26D00137031 /* Resources */ = {
			isa = PBXResourcesBuildPhase;
			buildActionMask = 2147483647;
			files = (
			);
			runOnlyForDeploymentPostprocessing = 0;
		};
		063163DB2E53A26D00137031 /* Resources */ = {
			isa = PBXResourcesBuildPhase;
			buildActionMask = 2147483647;
			files = (
			);
			runOnlyForDeploymentPostprocessing = 0;
		};
/* End PBXResourcesBuildPhase section */

/* Begin PBXSourcesBuildPhase section */
		063163B52E53A26B00137031 /* Sources */ = {
			isa = PBXSourcesBuildPhase;
			buildActionMask = 2147483647;
			files = (
			);
			runOnlyForDeploymentPostprocessing = 0;
		};
		063163CF2E53A26D00137031 /* Sources */ = {
			isa = PBXSourcesBuildPhase;
			buildActionMask = 2147483647;
			files = (
			);
			runOnlyForDeploymentPostprocessing = 0;
		};
		063163D92E53A26D00137031 /* Sources */ = {
			isa = PBXSourcesBuildPhase;
			buildActionMask = 2147483647;
			files = (
			);
			runOnlyForDeploymentPostprocessing = 0;
		};
/* End PBXSourcesBuildPhase section */

/* Begin PBXTargetDependency section */
		063163D52E53A26D00137031 /* PBXTargetDependency */ = {
			isa = PBXTargetDependency;
			target = 063163B82E53A26B00137031 /* xJournal */;
			targetProxy = 063163D42E53A26D00137031 /* PBXContainerItemProxy */;
		};
		063163DF2E53A26D00137031 /* PBXTargetDependency */ = {
			isa = PBXTargetDependency;
			target = 063163B82E53A26B00137031 /* xJournal */;
			targetProxy = 063163DE2E53A26D00137031 /* PBXContainerItemProxy */;
		};
/* End PBXTargetDependency section */

/* Begin XCBuildConfiguration section */
		063163E72E53A26D00137031 /* Debug */ = {
			isa = XCBuildConfiguration;
			buildSettings = {
				ASSETCATALOG_COMPILER_APPICON_NAME = AppIcon;
				ASSETCATALOG_COMPILER_GLOBAL_ACCENT_COLOR_NAME = AccentColor;
				CODE_SIGN_ENTITLEMENTS = xJournal/Resources/xJournal.entitlements;
				CODE_SIGN_STYLE = Automatic;
				CURRENT_PROJECT_VERSION = 1;
				DEVELOPMENT_TEAM = 2ZK2BA5X87;
				GENERATE_INFOPLIST_FILE = YES;
				INFOPLIST_FILE = xJournal/Resources/Info.plist;
				INFOPLIST_KEY_LSApplicationCategoryType = "public.app-category.healthcare-fitness";
				INFOPLIST_KEY_UIApplicationSupportsIndirectInputEvents = YES;
				INFOPLIST_KEY_UILaunchStoryboardName = LaunchScreen;
				INFOPLIST_KEY_UISupportedInterfaceOrientations = UIInterfaceOrientationPortrait;
				INFOPLIST_KEY_UISupportedInterfaceOrientations_iPad = "UIInterfaceOrientationPortrait UIInterfaceOrientationPortraitUpsideDown";
				IPHONEOS_DEPLOYMENT_TARGET = 17.0;
				LD_RUNPATH_SEARCH_PATHS = (
					"$(inherited)",
					"@executable_path/Frameworks",
				);
				MARKETING_VERSION = 1.0;
				PRODUCT_BUNDLE_IDENTIFIER = com.dmytro.yantsybaiev.xJournal;
				PRODUCT_NAME = "$(TARGET_NAME)";
				SWIFT_EMIT_LOC_STRINGS = YES;
				SWIFT_VERSION = 5.0;
				TARGETED_DEVICE_FAMILY = "1,2";
			};
			name = Debug;
		};
		063163E82E53A26D00137031 /* Release */ = {
			isa = XCBuildConfiguration;
			buildSettings = {
				ASSETCATALOG_COMPILER_APPICON_NAME = AppIcon;
				ASSETCATALOG_COMPILER_GLOBAL_ACCENT_COLOR_NAME = AccentColor;
				CODE_SIGN_ENTITLEMENTS = xJournal/Resources/xJournal.entitlements;
				CODE_SIGN_STYLE = Automatic;
				CURRENT_PROJECT_VERSION = 1;
				DEVELOPMENT_TEAM = 2ZK2BA5X87;
				GENERATE_INFOPLIST_FILE = YES;
				INFOPLIST_FILE = xJournal/Resources/Info.plist;
				INFOPLIST_KEY_LSApplicationCategoryType = "public.app-category.healthcare-fitness";
				INFOPLIST_KEY_UIApplicationSupportsIndirectInputEvents = YES;
				INFOPLIST_KEY_UILaunchStoryboardName = LaunchScreen;
				INFOPLIST_KEY_UISupportedInterfaceOrientations = UIInterfaceOrientationPortrait;
				INFOPLIST_KEY_UISupportedInterfaceOrientations_iPad = "UIInterfaceOrientationPortrait UIInterfaceOrientationPortraitUpsideDown";
				IPHONEOS_DEPLOYMENT_TARGET = 17.0;
				LD_RUNPATH_SEARCH_PATHS = (
					"$(inherited)",
					"@executable_path/Frameworks",
				);
				MARKETING_VERSION = 1.0;
				PRODUCT_BUNDLE_IDENTIFIER = com.dmytro.yantsybaiev.xJournal;
				PRODUCT_NAME = "$(TARGET_NAME)";
				SWIFT_EMIT_LOC_STRINGS = YES;
				SWIFT_VERSION = 5.0;
				TARGETED_DEVICE_FAMILY = "1,2";
			};
			name = Release;
		};
		063163E92E53A26D00137031 /* Debug */ = {
			isa = XCBuildConfiguration;
			buildSettings = {
				ALWAYS_SEARCH_USER_PATHS = NO;
				ASSETCATALOG_COMPILER_GENERATE_SWIFT_ASSET_SYMBOL_EXTENSIONS = YES;
				CLANG_ANALYZER_NONNULL = YES;
				CLANG_ANALYZER_NUMBER_OBJECT_CONVERSION = YES_AGGRESSIVE;
				CLANG_CXX_LANGUAGE_STANDARD = "gnu++20";
				CLANG_ENABLE_MODULES = YES;
				CLANG_ENABLE_OBJC_ARC = YES;
				CLANG_ENABLE_OBJC_WEAK = YES;
				CLANG_WARN_BLOCK_CAPTURE_AUTORELEASING = YES;
				CLANG_WARN_BOOL_CONVERSION = YES;
				CLANG_WARN_COMMA = YES;
				CLANG_WARN_CONSTANT_CONVERSION = YES;
				CLANG_WARN_DEPRECATED_OBJC_IMPLEMENTATIONS = YES;
				CLANG_WARN_DIRECT_OBJC_ISA_USAGE = YES_ERROR;
				CLANG_WARN_DOCUMENTATION_COMMENTS = YES;
				CLANG_WARN_EMPTY_BODY = YES;
				CLANG_WARN_ENUM_CONVERSION = YES;
				CLANG_WARN_INFINITE_RECURSION = YES;
				CLANG_WARN_INT_CONVERSION = YES;
				CLANG_WARN_NON_LITERAL_NULL_CONVERSION = YES;
				CLANG_WARN_OBJC_IMPLICIT_RETAIN_SELF = YES;
				CLANG_WARN_OBJC_LITERAL_CONVERSION = YES;
				CLANG_WARN_OBJC_ROOT_CLASS = YES_ERROR;
				CLANG_WARN_QUOTED_INCLUDE_IN_FRAMEWORK_HEADER = YES;
				CLANG_WARN_RANGE_LOOP_ANALYSIS = YES;
				CLANG_WARN_STRICT_PROTOTYPES = YES;
				CLANG_WARN_SUSPICIOUS_MOVE = YES;
				CLANG_WARN_UNGUARDED_AVAILABILITY = YES_AGGRESSIVE;
				CLANG_WARN_UNREACHABLE_CODE = YES;
				CLANG_WARN__DUPLICATE_METHOD_MATCH = YES;
				COPY_PHASE_STRIP = NO;
				DEBUG_INFORMATION_FORMAT = dwarf;
				DEVELOPMENT_TEAM = 2ZK2BA5X87;
				ENABLE_STRICT_OBJC_MSGSEND = YES;
				ENABLE_TESTABILITY = YES;
				ENABLE_USER_SCRIPT_SANDBOXING = YES;
				GCC_C_LANGUAGE_STANDARD = gnu17;
				GCC_DYNAMIC_NO_PIC = NO;
				GCC_NO_COMMON_BLOCKS = YES;
				GCC_OPTIMIZATION_LEVEL = 0;
				GCC_PREPROCESSOR_DEFINITIONS = (
					"DEBUG=1",
					"$(inherited)",
				);
				GCC_WARN_64_TO_32_BIT_CONVERSION = YES;
				GCC_WARN_ABOUT_RETURN_TYPE = YES_ERROR;
				GCC_WARN_UNDECLARED_SELECTOR = YES;
				GCC_WARN_UNINITIALIZED_AUTOS = YES_AGGRESSIVE;
				GCC_WARN_UNUSED_FUNCTION = YES;
				GCC_WARN_UNUSED_VARIABLE = YES;
				IPHONEOS_DEPLOYMENT_TARGET = 18.5;
				LOCALIZATION_PREFERS_STRING_CATALOGS = YES;
				MTL_ENABLE_DEBUG_INFO = INCLUDE_SOURCE;
				MTL_FAST_MATH = YES;
				ONLY_ACTIVE_ARCH = YES;
				SDKROOT = iphoneos;
				SWIFT_ACTIVE_COMPILATION_CONDITIONS = "DEBUG $(inherited)";
				SWIFT_OPTIMIZATION_LEVEL = "-Onone";
			};
			name = Debug;
		};
		063163EA2E53A26D00137031 /* Release */ = {
			isa = XCBuildConfiguration;
			buildSettings = {
				ALWAYS_SEARCH_USER_PATHS = NO;
				ASSETCATALOG_COMPILER_GENERATE_SWIFT_ASSET_SYMBOL_EXTENSIONS = YES;
				CLANG_ANALYZER_NONNULL = YES;
				CLANG_ANALYZER_NUMBER_OBJECT_CONVERSION = YES_AGGRESSIVE;
				CLANG_CXX_LANGUAGE_STANDARD = "gnu++20";
				CLANG_ENABLE_MODULES = YES;
				CLANG_ENABLE_OBJC_ARC = YES;
				CLANG_ENABLE_OBJC_WEAK = YES;
				CLANG_WARN_BLOCK_CAPTURE_AUTORELEASING = YES;
				CLANG_WARN_BOOL_CONVERSION = YES;
				CLANG_WARN_COMMA = YES;
				CLANG_WARN_CONSTANT_CONVERSION = YES;
				CLANG_WARN_DEPRECATED_OBJC_IMPLEMENTATIONS = YES;
				CLANG_WARN_DIRECT_OBJC_ISA_USAGE = YES_ERROR;
				CLANG_WARN_DOCUMENTATION_COMMENTS = YES;
				CLANG_WARN_EMPTY_BODY = YES;
				CLANG_WARN_ENUM_CONVERSION = YES;
				CLANG_WARN_INFINITE_RECURSION = YES;
				CLANG_WARN_INT_CONVERSION = YES;
				CLANG_WARN_NON_LITERAL_NULL_CONVERSION = YES;
				CLANG_WARN_OBJC_IMPLICIT_RETAIN_SELF = YES;
				CLANG_WARN_OBJC_LITERAL_CONVERSION = YES;
				CLANG_WARN_OBJC_ROOT_CLASS = YES_ERROR;
				CLANG_WARN_QUOTED_INCLUDE_IN_FRAMEWORK_HEADER = YES;
				CLANG_WARN_RANGE_LOOP_ANALYSIS = YES;
				CLANG_WARN_STRICT_PROTOTYPES = YES;
				CLANG_WARN_SUSPICIOUS_MOVE = YES;
				CLANG_WARN_UNGUARDED_AVAILABILITY = YES_AGGRESSIVE;
				CLANG_WARN_UNREACHABLE_CODE = YES;
				CLANG_WARN__DUPLICATE_METHOD_MATCH = YES;
				COPY_PHASE_STRIP = NO;
				DEBUG_INFORMATION_FORMAT = "dwarf-with-dsym";
				DEVELOPMENT_TEAM = 2ZK2BA5X87;
				ENABLE_NS_ASSERTIONS = NO;
				ENABLE_STRICT_OBJC_MSGSEND = YES;
				ENABLE_USER_SCRIPT_SANDBOXING = YES;
				GCC_C_LANGUAGE_STANDARD = gnu17;
				GCC_NO_COMMON_BLOCKS = YES;
				GCC_WARN_64_TO_32_BIT_CONVERSION = YES;
				GCC_WARN_ABOUT_RETURN_TYPE = YES_ERROR;
				GCC_WARN_UNDECLARED_SELECTOR = YES;
				GCC_WARN_UNINITIALIZED_AUTOS = YES_AGGRESSIVE;
				GCC_WARN_UNUSED_FUNCTION = YES;
				GCC_WARN_UNUSED_VARIABLE = YES;
				IPHONEOS_DEPLOYMENT_TARGET = 18.5;
				LOCALIZATION_PREFERS_STRING_CATALOGS = YES;
				MTL_ENABLE_DEBUG_INFO = NO;
				MTL_FAST_MATH = YES;
				SDKROOT = iphoneos;
				SWIFT_COMPILATION_MODE = wholemodule;
				VALIDATE_PRODUCT = YES;
			};
			name = Release;
		};
		063163EC2E53A26D00137031 /* Debug */ = {
			isa = XCBuildConfiguration;
			buildSettings = {
				BUNDLE_LOADER = "$(TEST_HOST)";
				CODE_SIGN_STYLE = Automatic;
				CURRENT_PROJECT_VERSION = 1;
				DEVELOPMENT_TEAM = 2ZK2BA5X87;
				GENERATE_INFOPLIST_FILE = YES;
				IPHONEOS_DEPLOYMENT_TARGET = 18.5;
				MARKETING_VERSION = 1.0;
				PRODUCT_BUNDLE_IDENTIFIER = com.dmytro.yantsybaiev.xJournalTests;
				PRODUCT_NAME = "$(TARGET_NAME)";
				SWIFT_EMIT_LOC_STRINGS = NO;
				SWIFT_VERSION = 5.0;
				TARGETED_DEVICE_FAMILY = "1,2";
				TEST_HOST = "$(BUILT_PRODUCTS_DIR)/xJournal.app/$(BUNDLE_EXECUTABLE_FOLDER_PATH)/xJournal";
			};
			name = Debug;
		};
		063163ED2E53A26D00137031 /* Release */ = {
			isa = XCBuildConfiguration;
			buildSettings = {
				BUNDLE_LOADER = "$(TEST_HOST)";
				CODE_SIGN_STYLE = Automatic;
				CURRENT_PROJECT_VERSION = 1;
				DEVELOPMENT_TEAM = 2ZK2BA5X87;
				GENERATE_INFOPLIST_FILE = YES;
				IPHONEOS_DEPLOYMENT_TARGET = 18.5;
				MARKETING_VERSION = 1.0;
				PRODUCT_BUNDLE_IDENTIFIER = com.dmytro.yantsybaiev.xJournalTests;
				PRODUCT_NAME = "$(TARGET_NAME)";
				SWIFT_EMIT_LOC_STRINGS = NO;
				SWIFT_VERSION = 5.0;
				TARGETED_DEVICE_FAMILY = "1,2";
				TEST_HOST = "$(BUILT_PRODUCTS_DIR)/xJournal.app/$(BUNDLE_EXECUTABLE_FOLDER_PATH)/xJournal";
			};
			name = Release;
		};
		063163EF2E53A26D00137031 /* Debug */ = {
			isa = XCBuildConfiguration;
			buildSettings = {
				CODE_SIGN_STYLE = Automatic;
				CURRENT_PROJECT_VERSION = 1;
				DEVELOPMENT_TEAM = 2ZK2BA5X87;
				GENERATE_INFOPLIST_FILE = YES;
				MARKETING_VERSION = 1.0;
				PRODUCT_BUNDLE_IDENTIFIER = com.dmytro.yantsybaiev.xJournalUITests;
				PRODUCT_NAME = "$(TARGET_NAME)";
				SWIFT_EMIT_LOC_STRINGS = NO;
				SWIFT_VERSION = 5.0;
				TARGETED_DEVICE_FAMILY = "1,2";
				TEST_TARGET_NAME = xJournal;
			};
			name = Debug;
		};
		063163F02E53A26D00137031 /* Release */ = {
			isa = XCBuildConfiguration;
			buildSettings = {
				CODE_SIGN_STYLE = Automatic;
				CURRENT_PROJECT_VERSION = 1;
				DEVELOPMENT_TEAM = 2ZK2BA5X87;
				GENERATE_INFOPLIST_FILE = YES;
				MARKETING_VERSION = 1.0;
				PRODUCT_BUNDLE_IDENTIFIER = com.dmytro.yantsybaiev.xJournalUITests;
				PRODUCT_NAME = "$(TARGET_NAME)";
				SWIFT_EMIT_LOC_STRINGS = NO;
				SWIFT_VERSION = 5.0;
				TARGETED_DEVICE_FAMILY = "1,2";
				TEST_TARGET_NAME = xJournal;
			};
			name = Release;
		};
/* End XCBuildConfiguration section */

/* Begin XCConfigurationList section */
		063163B42E53A26B00137031 /* Build configuration list for PBXProject "xJournal" */ = {
			isa = XCConfigurationList;
			buildConfigurations = (
				063163E92E53A26D00137031 /* Debug */,
				063163EA2E53A26D00137031 /* Release */,
			);
			defaultConfigurationIsVisible = 0;
			defaultConfigurationName = Release;
		};
		063163E62E53A26D00137031 /* Build configuration list for PBXNativeTarget "xJournal" */ = {
			isa = XCConfigurationList;
			buildConfigurations = (
				063163E72E53A26D00137031 /* Debug */,
				063163E82E53A26D00137031 /* Release */,
			);
			defaultConfigurationIsVisible = 0;
			defaultConfigurationName = Release;
		};
		063163EB2E53A26D00137031 /* Build configuration list for PBXNativeTarget "xJournalTests" */ = {
			isa = XCConfigurationList;
			buildConfigurations = (
				063163EC2E53A26D00137031 /* Debug */,
				063163ED2E53A26D00137031 /* Release */,
			);
			defaultConfigurationIsVisible = 0;
			defaultConfigurationName = Release;
		};
		063163EE2E53A26D00137031 /* Build configuration list for PBXNativeTarget "xJournalUITests" */ = {
			isa = XCConfigurationList;
			buildConfigurations = (
				063163EF2E53A26D00137031 /* Debug */,
				063163F02E53A26D00137031 /* Release */,
			);
			defaultConfigurationIsVisible = 0;
			defaultConfigurationName = Release;
		};
/* End XCConfigurationList section */

/* Begin XCSwiftPackageProductDependency section */
		0699D30F2E53A77500CE1FCD /* Navigation */ = {
			isa = XCSwiftPackageProductDependency;
			productName = Navigation;
		};
/* End XCSwiftPackageProductDependency section */
	};
	rootObject = 063163B12E53A26B00137031 /* Project object */;
}
